{
  "name": "git-merge-helper",
  "version": "1.0.0",
  "lockfileVersion": 3,
  "requires": true,
  "packages": {
    "": {
      "name": "git-merge-helper",
      "version": "1.0.0",
      "license": "MIT",
      "dependencies": {
        "chalk": "^5.3.0",
        "inquirer": "^9.2.12",
        "simple-git": "^3.21.0"
      },
      "bin": {
        "git-merge-helper": "bin/cli.js"
      },
      "engines": {
        "node": ">=18.0.0"
      }
    }
  }
}

